
Microsoft Visual Studio Solution File, Format Version 12.00
# Visual Studio Version 17
VisualStudioVersion = 17.5.002.0
MinimumVisualStudioVersion = 10.0.40219.1
Project("{9A19103F-16F7-4668-BE54-9A1E7A4F7556}") = "truyenchu", "truyenchu.csproj", "{203F89C2-158B-45BA-B701-A36D70BDCFB4}"
EndProject
Global
	GlobalSection(SolutionConfigurationPlatforms) = preSolution
		Debug|Any CPU = Debug|Any CPU
		Release|Any CPU = Release|Any CPU
	EndGlobalSection
	GlobalSection(ProjectConfigurationPlatforms) = postSolution
		{203F89C2-158B-45BA-B701-A36D70BDCFB4}.Debug|Any CPU.ActiveCfg = Debug|Any CPU
		{203F89C2-158B-45BA-B701-A36D70BDCFB4}.Debug|Any CPU.Build.0 = Debug|Any CPU
		{203F89C2-158B-45BA-B701-A36D70BDCFB4}.Release|Any CPU.ActiveCfg = Release|Any CPU
		{203F89C2-158B-45BA-B701-A36D70BDCFB4}.Release|Any CPU.Build.0 = Release|Any CPU
	EndGlobalSection
	GlobalSection(SolutionProperties) = preSolution
		HideSolutionNode = FALSE
	EndGlobalSection
	GlobalSection(ExtensibilityGlobals) = postSolution
		SolutionGuid = {06EC9534-1C1E-4389-A062-16FDDEF0DDDF}
	EndGlobalSection
EndGlobal
